
Microsoft Visual Studio Solution File, Format Version 12.00
# Visual Studio Version 17
VisualStudioVersion = 17.5.33414.496
MinimumVisualStudioVersion = 10.0.40219.1
Project("{9A19103F-16F7-4668-BE54-9A1E7A4F7556}") = "Main", "Main\Main.csproj", "{6941585F-F586-48E4-86E0-CCA097C53705}"
EndProject
Project("{2150E333-8FDC-42A3-9474-1A3956D46DE8}") = "3-Layer", "3-Layer", "{065085AB-66BF-4E8F-908E-7E01B02950A4}"
EndProject
Project("{2150E333-8FDC-42A3-9474-1A3956D46DE8}") = "Clean", "Clean", "{7950505E-643F-4AA7-AA3E-DB5A7CCD650F}"
EndProject
Project("{2150E333-8FDC-42A3-9474-1A3956D46DE8}") = "UserGroup", "UserGroup", "{7886252A-889E-472C-AD2A-EC095EC569C5}"
EndProject
Project("{2150E333-8FDC-42A3-9474-1A3956D46DE8}") = "User", "User", "{024DF7C2-0871-4EF6-B544-EDBBFBF2CE5C}"
EndProject
Project("{9A19103F-16F7-4668-BE54-9A1E7A4F7556}") = "User.Application", "Clean\User\User.Application\User.Application.csproj", "{4075C306-9175-44ED-92BE-C1B75438846F}"
EndProject
Project("{9A19103F-16F7-4668-BE54-9A1E7A4F7556}") = "User.Domain", "Clean\User\User.Domain\User.Domain.csproj", "{B61EE9E7-0C65-4DCF-A43C-08F75F9A3FB5}"
EndProject
Project("{9A19103F-16F7-4668-BE54-9A1E7A4F7556}") = "User.Infrastructure", "Clean\User\User.Infrastructure\User.Infrastructure.csproj", "{ABE8F194-499C-4A42-B8BA-84BB4150D75F}"
EndProject
Project("{9A19103F-16F7-4668-BE54-9A1E7A4F7556}") = "BusinessLogic", "3-Layer\BusinessLogic\BusinessLogic.csproj", "{42D59AF2-E27B-4948-AA1E-7DA316B858A6}"
EndProject
Project("{9A19103F-16F7-4668-BE54-9A1E7A4F7556}") = "DataAccess", "3-Layer\DataAccess\DataAccess.csproj", "{A1B082CB-7D48-4414-9AAB-B1DB2F42ABFF}"
EndProject
Global
	GlobalSection(SolutionConfigurationPlatforms) = preSolution
		Debug|Any CPU = Debug|Any CPU
		Release|Any CPU = Release|Any CPU
	EndGlobalSection
	GlobalSection(ProjectConfigurationPlatforms) = postSolution
		{6941585F-F586-48E4-86E0-CCA097C53705}.Debug|Any CPU.ActiveCfg = Debug|Any CPU
		{6941585F-F586-48E4-86E0-CCA097C53705}.Debug|Any CPU.Build.0 = Debug|Any CPU
		{6941585F-F586-48E4-86E0-CCA097C53705}.Release|Any CPU.ActiveCfg = Release|Any CPU
		{6941585F-F586-48E4-86E0-CCA097C53705}.Release|Any CPU.Build.0 = Release|Any CPU
		{4075C306-9175-44ED-92BE-C1B75438846F}.Debug|Any CPU.ActiveCfg = Debug|Any CPU
		{4075C306-9175-44ED-92BE-C1B75438846F}.Debug|Any CPU.Build.0 = Debug|Any CPU
		{4075C306-9175-44ED-92BE-C1B75438846F}.Release|Any CPU.ActiveCfg = Release|Any CPU
		{4075C306-9175-44ED-92BE-C1B75438846F}.Release|Any CPU.Build.0 = Release|Any CPU
		{B61EE9E7-0C65-4DCF-A43C-08F75F9A3FB5}.Debug|Any CPU.ActiveCfg = Debug|Any CPU
		{B61EE9E7-0C65-4DCF-A43C-08F75F9A3FB5}.Debug|Any CPU.Build.0 = Debug|Any CPU
		{B61EE9E7-0C65-4DCF-A43C-08F75F9A3FB5}.Release|Any CPU.ActiveCfg = Release|Any CPU
		{B61EE9E7-0C65-4DCF-A43C-08F75F9A3FB5}.Release|Any CPU.Build.0 = Release|Any CPU
		{ABE8F194-499C-4A42-B8BA-84BB4150D75F}.Debug|Any CPU.ActiveCfg = Debug|Any CPU
		{ABE8F194-499C-4A42-B8BA-84BB4150D75F}.Debug|Any CPU.Build.0 = Debug|Any CPU
		{ABE8F194-499C-4A42-B8BA-84BB4150D75F}.Release|Any CPU.ActiveCfg = Release|Any CPU
		{ABE8F194-499C-4A42-B8BA-84BB4150D75F}.Release|Any CPU.Build.0 = Release|Any CPU
		{42D59AF2-E27B-4948-AA1E-7DA316B858A6}.Debug|Any CPU.ActiveCfg = Debug|Any CPU
		{42D59AF2-E27B-4948-AA1E-7DA316B858A6}.Debug|Any CPU.Build.0 = Debug|Any CPU
		{42D59AF2-E27B-4948-AA1E-7DA316B858A6}.Release|Any CPU.ActiveCfg = Release|Any CPU
		{42D59AF2-E27B-4948-AA1E-7DA316B858A6}.Release|Any CPU.Build.0 = Release|Any CPU
		{A1B082CB-7D48-4414-9AAB-B1DB2F42ABFF}.Debug|Any CPU.ActiveCfg = Debug|Any CPU
		{A1B082CB-7D48-4414-9AAB-B1DB2F42ABFF}.Debug|Any CPU.Build.0 = Debug|Any CPU
		{A1B082CB-7D48-4414-9AAB-B1DB2F42ABFF}.Release|Any CPU.ActiveCfg = Release|Any CPU
		{A1B082CB-7D48-4414-9AAB-B1DB2F42ABFF}.Release|Any CPU.Build.0 = Release|Any CPU
	EndGlobalSection
	GlobalSection(SolutionProperties) = preSolution
		HideSolutionNode = FALSE
	EndGlobalSection
	GlobalSection(NestedProjects) = preSolution
		{7886252A-889E-472C-AD2A-EC095EC569C5} = {7950505E-643F-4AA7-AA3E-DB5A7CCD650F}
		{024DF7C2-0871-4EF6-B544-EDBBFBF2CE5C} = {7950505E-643F-4AA7-AA3E-DB5A7CCD650F}
		{4075C306-9175-44ED-92BE-C1B75438846F} = {024DF7C2-0871-4EF6-B544-EDBBFBF2CE5C}
		{B61EE9E7-0C65-4DCF-A43C-08F75F9A3FB5} = {024DF7C2-0871-4EF6-B544-EDBBFBF2CE5C}
		{ABE8F194-499C-4A42-B8BA-84BB4150D75F} = {024DF7C2-0871-4EF6-B544-EDBBFBF2CE5C}
		{42D59AF2-E27B-4948-AA1E-7DA316B858A6} = {065085AB-66BF-4E8F-908E-7E01B02950A4}
		{A1B082CB-7D48-4414-9AAB-B1DB2F42ABFF} = {065085AB-66BF-4E8F-908E-7E01B02950A4}
	EndGlobalSection
	GlobalSection(ExtensibilityGlobals) = postSolution
		SolutionGuid = {485E1023-6D8D-4971-8098-088902FCDD74}
	EndGlobalSection
EndGlobal
